// !$*UTF8*$!
{
	archiveVersion = 1;
	classes = {
	};
	objectVersion = 55;
	objects = {

/* Begin PBXBuildFile section */
		E2C0D27E28AF3B6700E6A2FC /* main.swift in Sources */ = {isa = PBXBuildFile; fileRef = E2C0D27D28AF3B6700E6A2FC /* main.swift */; };
		E2C0D28528AF3BB500E6A2FC /* Question1.swift in Sources */ = {isa = PBXBuildFile; fileRef = E2C0D28428AF3BB500E6A2FC /* Question1.swift */; };
		E2C0D28728AF3BCB00E6A2FC /* Question3.swift in Sources */ = {isa = PBXBuildFile; fileRef = E2C0D28628AF3BCB00E6A2FC /* Question3.swift */; };
		E2C0D28928AF3BD600E6A2FC /* Question2.swift in Sources */ = {isa = PBXBuildFile; fileRef = E2C0D28828AF3BD600E6A2FC /* Question2.swift */; };
		E2C0D28B28AF3BE000E6A2FC /* Question4.swift in Sources */ = {isa = PBXBuildFile; fileRef = E2C0D28A28AF3BE000E6A2FC /* Question4.swift */; };
		E2C0D28D28AF3BED00E6A2FC /* Question5.swift in Sources */ = {isa = PBXBuildFile; fileRef = E2C0D28C28AF3BED00E6A2FC /* Question5.swift */; };
/* End PBXBuildFile section */

/* Begin PBXCopyFilesBuildPhase section */
		E2C0D27828AF3B6700E6A2FC /* CopyFiles */ = {
			isa = PBXCopyFilesBuildPhase;
			buildActionMask = 2147483647;
			dstPath = /usr/share/man/man1/;
			dstSubfolderSpec = 0;
			files = (
			);
			runOnlyForDeploymentPostprocessing = 1;
		};
/* End PBXCopyFilesBuildPhase section */

/* Begin PBXFileReference section */
		E2C0D27A28AF3B6700E6A2FC /* Swift-Assignments */ = {isa = PBXFileReference; explicitFileType = "compiled.mach-o.executable"; includeInIndex = 0; path = "Swift-Assignments"; sourceTree = BUILT_PRODUCTS_DIR; };
		E2C0D27D28AF3B6700E6A2FC /* main.swift */ = {isa = PBXFileReference; lastKnownFileType = sourcecode.swift; path = main.swift; sourceTree = "<group>"; };
		E2C0D28428AF3BB500E6A2FC /* Question1.swift */ = {isa = PBXFileReference; lastKnownFileType = sourcecode.swift; path = Question1.swift; sourceTree = "<group>"; };
		E2C0D28628AF3BCB00E6A2FC /* Question3.swift */ = {isa = PBXFileReference; lastKnownFileType = sourcecode.swift; path = Question3.swift; sourceTree = "<group>"; };
		E2C0D28828AF3BD600E6A2FC /* Question2.swift */ = {isa = PBXFileReference; lastKnownFileType = sourcecode.swift; path = Question2.swift; sourceTree = "<group>"; };
		E2C0D28A28AF3BE000E6A2FC /* Question4.swift */ = {isa = PBXFileReference; lastKnownFileType = sourcecode.swift; path = Question4.swift; sourceTree = "<group>"; };
		E2C0D28C28AF3BED00E6A2FC /* Question5.swift */ = {isa = PBXFileReference; lastKnownFileType = sourcecode.swift; path = Question5.swift; sourceTree = "<group>"; };
/* End PBXFileReference section */

/* Begin PBXFrameworksBuildPhase section */
		E2C0D27728AF3B6700E6A2FC /* Frameworks */ = {
			isa = PBXFrameworksBuildPhase;
			buildActionMask = 2147483647;
			files = (
			);
			runOnlyForDeploymentPostprocessing = 0;
		};
/* End PBXFrameworksBuildPhase section */

/* Begin PBXGroup section */
		E2C0D27128AF3B6700E6A2FC = {
			isa = PBXGroup;
			children = (
				E2C0D27C28AF3B6700E6A2FC /* Swift-Assignments */,
				E2C0D27B28AF3B6700E6A2FC /* Products */,
			);
			sourceTree = "<group>";
		};
		E2C0D27B28AF3B6700E6A2FC /* Products */ = {
			isa = PBXGroup;
			children = (
				E2C0D27A28AF3B6700E6A2FC /* Swift-Assignments */,
			);
			name = Products;
			sourceTree = "<group>";
		};
		E2C0D27C28AF3B6700E6A2FC /* Swift-Assignments */ = {
			isa = PBXGroup;
			children = (
				E2C0D27D28AF3B6700E6A2FC /* main.swift */,
				E2C0D28428AF3BB500E6A2FC /* Question1.swift */,
				E2C0D28628AF3BCB00E6A2FC /* Question3.swift */,
				E2C0D28828AF3BD600E6A2FC /* Question2.swift */,
				E2C0D28A28AF3BE000E6A2FC /* Question4.swift */,
				E2C0D28C28AF3BED00E6A2FC /* Question5.swift */,
			);
			path = "Swift-Assignments";
			sourceTree = "<group>";
		};
/* End PBXGroup section */

/* Begin PBXNativeTarget section */
		E2C0D27928AF3B6700E6A2FC /* Swift-Assignments */ = {
			isa = PBXNativeTarget;
			buildConfigurationList = E2C0D28128AF3B6700E6A2FC /* Build configuration list for PBXNativeTarget "Swift-Assignments" */;
			buildPhases = (
				E2C0D27628AF3B6700E6A2FC /* Sources */,
				E2C0D27728AF3B6700E6A2FC /* Frameworks */,
				E2C0D27828AF3B6700E6A2FC /* CopyFiles */,
			);
			buildRules = (
			);
			dependencies = (
			);
			name = "Swift-Assignments";
			productName = "Swift-Assignments";
			productReference = E2C0D27A28AF3B6700E6A2FC /* Swift-Assignments */;
			productType = "com.apple.product-type.tool";
		};
/* End PBXNativeTarget section */

/* Begin PBXProject section */
		E2C0D27228AF3B6700E6A2FC /* Project object */ = {
			isa = PBXProject;
			attributes = {
				BuildIndependentTargetsInParallel = 1;
				LastSwiftUpdateCheck = 1340;
				LastUpgradeCheck = 1340;
				TargetAttributes = {
					E2C0D27928AF3B6700E6A2FC = {
						CreatedOnToolsVersion = 13.4.1;
					};
				};
			};
			buildConfigurationList = E2C0D27528AF3B6700E6A2FC /* Build configuration list for PBXProject "Swift-Assignments" */;
			compatibilityVersion = "Xcode 13.0";
			developmentRegion = en;
			hasScannedForEncodings = 0;
			knownRegions = (
				en,
				Base,
			);
			mainGroup = E2C0D27128AF3B6700E6A2FC;
			productRefGroup = E2C0D27B28AF3B6700E6A2FC /* Products */;
			projectDirPath = "";
			projectRoot = "";
			targets = (
				E2C0D27928AF3B6700E6A2FC /* Swift-Assignments */,
			);
		};
/* End PBXProject section */

/* Begin PBXSourcesBuildPhase section */
		E2C0D27628AF3B6700E6A2FC /* Sources */ = {
			isa = PBXSourcesBuildPhase;
			buildActionMask = 2147483647;
			files = (
				E2C0D28928AF3BD600E6A2FC /* Question2.swift in Sources */,
				E2C0D28728AF3BCB00E6A2FC /* Question3.swift in Sources */,
				E2C0D28B28AF3BE000E6A2FC /* Question4.swift in Sources */,
				E2C0D27E28AF3B6700E6A2FC /* main.swift in Sources */,
				E2C0D28528AF3BB500E6A2FC /* Question1.swift in Sources */,
				E2C0D28D28AF3BED00E6A2FC /* Question5.swift in Sources */,
			);
			runOnlyForDeploymentPostprocessing = 0;
		};
/* End PBXSourcesBuildPhase section */

/* Begin XCBuildConfiguration section */
		E2C0D27F28AF3B6700E6A2FC /* Debug */ = {
			isa = XCBuildConfiguration;
			buildSettings = {
				ALWAYS_SEARCH_USER_PATHS = NO;
				CLANG_ANALYZER_NONNULL = YES;
				CLANG_ANALYZER_NUMBER_OBJECT_CONVERSION = YES_AGGRESSIVE;
				CLANG_CXX_LANGUAGE_STANDARD = "gnu++17";
				CLANG_ENABLE_MODULES = YES;
				CLANG_ENABLE_OBJC_ARC = YES;
				CLANG_ENABLE_OBJC_WEAK = YES;
				CLANG_WARN_BLOCK_CAPTURE_AUTORELEASING = YES;
				CLANG_WARN_BOOL_CONVERSION = YES;
				CLANG_WARN_COMMA = YES;
				CLANG_WARN_CONSTANT_CONVERSION = YES;
				CLANG_WARN_DEPRECATED_OBJC_IMPLEMENTATIONS = YES;
				CLANG_WARN_DIRECT_OBJC_ISA_USAGE = YES_ERROR;
				CLANG_WARN_DOCUMENTATION_COMMENTS = YES;
				CLANG_WARN_EMPTY_BODY = YES;
				CLANG_WARN_ENUM_CONVERSION = YES;
				CLANG_WARN_INFINITE_RECURSION = YES;
				CLANG_WARN_INT_CONVERSION = YES;
				CLANG_WARN_NON_LITERAL_NULL_CONVERSION = YES;
				CLANG_WARN_OBJC_IMPLICIT_RETAIN_SELF = YES;
				CLANG_WARN_OBJC_LITERAL_CONVERSION = YES;
				CLANG_WARN_OBJC_ROOT_CLASS = YES_ERROR;
				CLANG_WARN_QUOTED_INCLUDE_IN_FRAMEWORK_HEADER = YES;
				CLANG_WARN_RANGE_LOOP_ANALYSIS = YES;
				CLANG_WARN_STRICT_PROTOTYPES = YES;
				CLANG_WARN_SUSPICIOUS_MOVE = YES;
				CLANG_WARN_UNGUARDED_AVAILABILITY = YES_AGGRESSIVE;
				CLANG_WARN_UNREACHABLE_CODE = YES;
				CLANG_WARN__DUPLICATE_METHOD_MATCH = YES;
				COPY_PHASE_STRIP = NO;
				DEBUG_INFORMATION_FORMAT = dwarf;
				ENABLE_STRICT_OBJC_MSGSEND = YES;
				ENABLE_TESTABILITY = YES;
				GCC_C_LANGUAGE_STANDARD = gnu11;
				GCC_DYNAMIC_NO_PIC = NO;
				GCC_NO_COMMON_BLOCKS = YES;
				GCC_OPTIMIZATION_LEVEL = 0;
				GCC_PREPROCESSOR_DEFINITIONS = (
					"DEBUG=1",
					"$(inherited)",
				);
				GCC_WARN_64_TO_32_BIT_CONVERSION = YES;
				GCC_WARN_ABOUT_RETURN_TYPE = YES_ERROR;
				GCC_WARN_UNDECLARED_SELECTOR = YES;
				GCC_WARN_UNINITIALIZED_AUTOS = YES_AGGRESSIVE;
				GCC_WARN_UNUSED_FUNCTION = YES;
				GCC_WARN_UNUSED_VARIABLE = YES;
				MACOSX_DEPLOYMENT_TARGET = 12.3;
				MTL_ENABLE_DEBUG_INFO = INCLUDE_SOURCE;
				MTL_FAST_MATH = YES;
				ONLY_ACTIVE_ARCH = YES;
				SDKROOT = macosx;
				SWIFT_ACTIVE_COMPILATION_CONDITIONS = DEBUG;
				SWIFT_OPTIMIZATION_LEVEL = "-Onone";
			};
			name = Debug;
		};
		E2C0D28028AF3B6700E6A2FC /* Release */ = {
			isa = XCBuildConfiguration;
			buildSettings = {
				ALWAYS_SEARCH_USER_PATHS = NO;
				CLANG_ANALYZER_NONNULL = YES;
				CLANG_ANALYZER_NUMBER_OBJECT_CONVERSION = YES_AGGRESSIVE;
				CLANG_CXX_LANGUAGE_STANDARD = "gnu++17";
				CLANG_ENABLE_MODULES = YES;
				CLANG_ENABLE_OBJC_ARC = YES;
				CLANG_ENABLE_OBJC_WEAK = YES;
				CLANG_WARN_BLOCK_CAPTURE_AUTORELEASING = YES;
				CLANG_WARN_BOOL_CONVERSION = YES;
				CLANG_WARN_COMMA = YES;
				CLANG_WARN_CONSTANT_CONVERSION = YES;
				CLANG_WARN_DEPRECATED_OBJC_IMPLEMENTATIONS = YES;
				CLANG_WARN_DIRECT_OBJC_ISA_USAGE = YES_ERROR;
				CLANG_WARN_DOCUMENTATION_COMMENTS = YES;
				CLANG_WARN_EMPTY_BODY = YES;
				CLANG_WARN_ENUM_CONVERSION = YES;
				CLANG_WARN_INFINITE_RECURSION = YES;
				CLANG_WARN_INT_CONVERSION = YES;
				CLANG_WARN_NON_LITERAL_NULL_CONVERSION = YES;
				CLANG_WARN_OBJC_IMPLICIT_RETAIN_SELF = YES;
				CLANG_WARN_OBJC_LITERAL_CONVERSION = YES;
				CLANG_WARN_OBJC_ROOT_CLASS = YES_ERROR;
				CLANG_WARN_QUOTED_INCLUDE_IN_FRAMEWORK_HEADER = YES;
				CLANG_WARN_RANGE_LOOP_ANALYSIS = YES;
				CLANG_WARN_STRICT_PROTOTYPES = YES;
				CLANG_WARN_SUSPICIOUS_MOVE = YES;
				CLANG_WARN_UNGUARDED_AVAILABILITY = YES_AGGRESSIVE;
				CLANG_WARN_UNREACHABLE_CODE = YES;
				CLANG_WARN__DUPLICATE_METHOD_MATCH = YES;
				COPY_PHASE_STRIP = NO;
				DEBUG_INFORMATION_FORMAT = "dwarf-with-dsym";
				ENABLE_NS_ASSERTIONS = NO;
				ENABLE_STRICT_OBJC_MSGSEND = YES;
				GCC_C_LANGUAGE_STANDARD = gnu11;
				GCC_NO_COMMON_BLOCKS = YES;
				GCC_WARN_64_TO_32_BIT_CONVERSION = YES;
				GCC_WARN_ABOUT_RETURN_TYPE = YES_ERROR;
				GCC_WARN_UNDECLARED_SELECTOR = YES;
				GCC_WARN_UNINITIALIZED_AUTOS = YES_AGGRESSIVE;
				GCC_WARN_UNUSED_FUNCTION = YES;
				GCC_WARN_UNUSED_VARIABLE = YES;
				MACOSX_DEPLOYMENT_TARGET = 12.3;
				MTL_ENABLE_DEBUG_INFO = NO;
				MTL_FAST_MATH = YES;
				SDKROOT = macosx;
				SWIFT_COMPILATION_MODE = wholemodule;
				SWIFT_OPTIMIZATION_LEVEL = "-O";
			};
			name = Release;
		};
		E2C0D28228AF3B6700E6A2FC /* Debug */ = {
			isa = XCBuildConfiguration;
			buildSettings = {
				CODE_SIGN_STYLE = Automatic;
				PRODUCT_NAME = "$(TARGET_NAME)";
				SWIFT_VERSION = 5.0;
			};
			name = Debug;
		};
		E2C0D28328AF3B6700E6A2FC /* Release */ = {
			isa = XCBuildConfiguration;
			buildSettings = {
				CODE_SIGN_STYLE = Automatic;
				PRODUCT_NAME = "$(TARGET_NAME)";
				SWIFT_VERSION = 5.0;
			};
			name = Release;
		};
/* End XCBuildConfiguration section */

/* Begin XCConfigurationList section */
		E2C0D27528AF3B6700E6A2FC /* Build configuration list for PBXProject "Swift-Assignments" */ = {
			isa = XCConfigurationList;
			buildConfigurations = (
				E2C0D27F28AF3B6700E6A2FC /* Debug */,
				E2C0D28028AF3B6700E6A2FC /* Release */,
			);
			defaultConfigurationIsVisible = 0;
			defaultConfigurationName = Release;
		};
		E2C0D28128AF3B6700E6A2FC /* Build configuration list for PBXNativeTarget "Swift-Assignments" */ = {
			isa = XCConfigurationList;
			buildConfigurations = (
				E2C0D28228AF3B6700E6A2FC /* Debug */,
				E2C0D28328AF3B6700E6A2FC /* Release */,
			);
			defaultConfigurationIsVisible = 0;
			defaultConfigurationName = Release;
		};
/* End XCConfigurationList section */
	};
	rootObject = E2C0D27228AF3B6700E6A2FC /* Project object */;
}
